{
  "object": {
    "pins": [
      {
        "package": "BranchSDK",
        "repositoryURL": "https://github.com/BranchMetrics/ios-branch-sdk-spm",
        "state": {
          "branch": null,
          "revision": "7fbe3085821c8e60241a2037098c6eed76fd2798",
          "version": "2.2.0"
        }
      },
      {
        "package": "mParticle-Apple-SDK",
        "repositoryURL": "https://github.com/mParticle/mparticle-apple-sdk",
        "state": {
          "branch": null,
          "revision": "8ce7ad752ceeb1d9dc6d782d9c4462eb0ac114b9",
          "version": "8.13.0"
        }
      }
    ]
  },
  "version": 1
}
